// !$*UTF8*$!
{
	archiveVersion = 1;
	classes = {
	};
	objectVersion = 56;
	objects = {

/* Begin PBXBuildFile section */
		2027F0CB2B65859700E1B8C5 /* FinancyApp.swift in Sources */ = {isa = PBXBuildFile; fileRef = 2027F0CA2B65859700E1B8C5 /* FinancyApp.swift */; };
		2027F0CD2B65859700E1B8C5 /* ContentView.swift in Sources */ = {isa = PBXBuildFile; fileRef = 2027F0CC2B65859700E1B8C5 /* ContentView.swift */; };
		2027F0CF2B65859700E1B8C5 /* Assets.xcassets in Resources */ = {isa = PBXBuildFile; fileRef = 2027F0CE2B65859700E1B8C5 /* Assets.xcassets */; };
		2027F0D22B65859700E1B8C5 /* Preview Assets.xcassets in Resources */ = {isa = PBXBuildFile; fileRef = 2027F0D12B65859700E1B8C5 /* Preview Assets.xcassets */; };
		204FC8B62B663D1B00155B84 /* NewEntry.swift in Sources */ = {isa = PBXBuildFile; fileRef = 204FC8B52B663D1B00155B84 /* NewEntry.swift */; };
		204FC8B82B663D2300155B84 /* Login.swift in Sources */ = {isa = PBXBuildFile; fileRef = 204FC8B72B663D2300155B84 /* Login.swift */; };
		204FC8BA2B663D2C00155B84 /* FinancyNetworkLib.swift in Sources */ = {isa = PBXBuildFile; fileRef = 204FC8B92B663D2C00155B84 /* FinancyNetworkLib.swift */; };
		20A77CEA2B664F80008CFC34 /* Utility.swift in Sources */ = {isa = PBXBuildFile; fileRef = 20A77CE92B664F80008CFC34 /* Utility.swift */; };
		20A77CEC2B669A0C008CFC34 /* Article.swift in Sources */ = {isa = PBXBuildFile; fileRef = 20A77CEB2B669A0C008CFC34 /* Article.swift */; };
		20A77CEE2B669E11008CFC34 /* WebView.swift in Sources */ = {isa = PBXBuildFile; fileRef = 20A77CED2B669E11008CFC34 /* WebView.swift */; };
		20A77CF02B66A057008CFC34 /* EmergencyFunds.swift in Sources */ = {isa = PBXBuildFile; fileRef = 20A77CEF2B66A057008CFC34 /* EmergencyFunds.swift */; };
		20A77CF22B66A05F008CFC34 /* Investments.swift in Sources */ = {isa = PBXBuildFile; fileRef = 20A77CF12B66A05F008CFC34 /* Investments.swift */; };
/* End PBXBuildFile section */

/* Begin PBXFileReference section */
		2027F0C72B65859600E1B8C5 /* Financy.app */ = {isa = PBXFileReference; explicitFileType = wrapper.application; includeInIndex = 0; path = Financy.app; sourceTree = BUILT_PRODUCTS_DIR; };
		2027F0CA2B65859700E1B8C5 /* FinancyApp.swift */ = {isa = PBXFileReference; lastKnownFileType = sourcecode.swift; path = FinancyApp.swift; sourceTree = "<group>"; };
		2027F0CC2B65859700E1B8C5 /* ContentView.swift */ = {isa = PBXFileReference; lastKnownFileType = sourcecode.swift; path = ContentView.swift; sourceTree = "<group>"; };
		2027F0CE2B65859700E1B8C5 /* Assets.xcassets */ = {isa = PBXFileReference; lastKnownFileType = folder.assetcatalog; path = Assets.xcassets; sourceTree = "<group>"; };
		2027F0D12B65859700E1B8C5 /* Preview Assets.xcassets */ = {isa = PBXFileReference; lastKnownFileType = folder.assetcatalog; path = "Preview Assets.xcassets"; sourceTree = "<group>"; };
		204FC8B52B663D1B00155B84 /* NewEntry.swift */ = {isa = PBXFileReference; fileEncoding = 4; lastKnownFileType = sourcecode.swift; path = NewEntry.swift; sourceTree = "<group>"; };
		204FC8B72B663D2300155B84 /* Login.swift */ = {isa = PBXFileReference; fileEncoding = 4; lastKnownFileType = sourcecode.swift; path = Login.swift; sourceTree = "<group>"; };
		204FC8B92B663D2C00155B84 /* FinancyNetworkLib.swift */ = {isa = PBXFileReference; fileEncoding = 4; lastKnownFileType = sourcecode.swift; path = FinancyNetworkLib.swift; sourceTree = "<group>"; };
		20A77CE92B664F80008CFC34 /* Utility.swift */ = {isa = PBXFileReference; lastKnownFileType = sourcecode.swift; path = Utility.swift; sourceTree = "<group>"; };
		20A77CEB2B669A0C008CFC34 /* Article.swift */ = {isa = PBXFileReference; lastKnownFileType = sourcecode.swift; path = Article.swift; sourceTree = "<group>"; };
		20A77CED2B669E11008CFC34 /* WebView.swift */ = {isa = PBXFileReference; lastKnownFileType = sourcecode.swift; path = WebView.swift; sourceTree = "<group>"; };
		20A77CEF2B66A057008CFC34 /* EmergencyFunds.swift */ = {isa = PBXFileReference; lastKnownFileType = sourcecode.swift; path = EmergencyFunds.swift; sourceTree = "<group>"; };
		20A77CF12B66A05F008CFC34 /* Investments.swift */ = {isa = PBXFileReference; lastKnownFileType = sourcecode.swift; path = Investments.swift; sourceTree = "<group>"; };
/* End PBXFileReference section */

/* Begin PBXFrameworksBuildPhase section */
		2027F0C42B65859600E1B8C5 /* Frameworks */ = {
			isa = PBXFrameworksBuildPhase;
			buildActionMask = 2147483647;
			files = (
			);
			runOnlyForDeploymentPostprocessing = 0;
		};
/* End PBXFrameworksBuildPhase section */

/* Begin PBXGroup section */
		2027F0BE2B65859600E1B8C5 = {
			isa = PBXGroup;
			children = (
				2027F0C92B65859600E1B8C5 /* Financy */,
				2027F0C82B65859600E1B8C5 /* Products */,
			);
			sourceTree = "<group>";
		};
		2027F0C82B65859600E1B8C5 /* Products */ = {
			isa = PBXGroup;
			children = (
				2027F0C72B65859600E1B8C5 /* Financy.app */,
			);
			name = Products;
			sourceTree = "<group>";
		};
		2027F0C92B65859600E1B8C5 /* Financy */ = {
			isa = PBXGroup;
			children = (
				2027F0CA2B65859700E1B8C5 /* FinancyApp.swift */,
				2027F0CC2B65859700E1B8C5 /* ContentView.swift */,
				20A77CEB2B669A0C008CFC34 /* Article.swift */,
				20A77CEF2B66A057008CFC34 /* EmergencyFunds.swift */,
				20A77CF12B66A05F008CFC34 /* Investments.swift */,
				20A77CED2B669E11008CFC34 /* WebView.swift */,
				204FC8B52B663D1B00155B84 /* NewEntry.swift */,
				204FC8B72B663D2300155B84 /* Login.swift */,
				20A77CE92B664F80008CFC34 /* Utility.swift */,
				204FC8B92B663D2C00155B84 /* FinancyNetworkLib.swift */,
				2027F0CE2B65859700E1B8C5 /* Assets.xcassets */,
				2027F0D02B65859700E1B8C5 /* Preview Content */,
			);
			path = Financy;
			sourceTree = "<group>";
		};
		2027F0D02B65859700E1B8C5 /* Preview Content */ = {
			isa = PBXGroup;
			children = (
				2027F0D12B65859700E1B8C5 /* Preview Assets.xcassets */,
			);
			path = "Preview Content";
			sourceTree = "<group>";
		};
/* End PBXGroup section */

/* Begin PBXNativeTarget section */
		2027F0C62B65859600E1B8C5 /* Financy */ = {
			isa = PBXNativeTarget;
			buildConfigurationList = 2027F0D52B65859700E1B8C5 /* Build configuration list for PBXNativeTarget "Financy" */;
			buildPhases = (
				2027F0C32B65859600E1B8C5 /* Sources */,
				2027F0C42B65859600E1B8C5 /* Frameworks */,
				2027F0C52B65859600E1B8C5 /* Resources */,
			);
			buildRules = (
			);
			dependencies = (
			);
			name = Financy;
			productName = Financy;
			productReference = 2027F0C72B65859600E1B8C5 /* Financy.app */;
			productType = "com.apple.product-type.application";
		};
/* End PBXNativeTarget section */

/* Begin PBXProject section */
		2027F0BF2B65859600E1B8C5 /* Project object */ = {
			isa = PBXProject;
			attributes = {
				BuildIndependentTargetsInParallel = 1;
				LastSwiftUpdateCheck = 1500;
				LastUpgradeCheck = 1500;
				TargetAttributes = {
					2027F0C62B65859600E1B8C5 = {
						CreatedOnToolsVersion = 15.0;
					};
				};
			};
			buildConfigurationList = 2027F0C22B65859600E1B8C5 /* Build configuration list for PBXProject "Financy" */;
			compatibilityVersion = "Xcode 14.0";
			developmentRegion = en;
			hasScannedForEncodings = 0;
			knownRegions = (
				en,
				Base,
			);
			mainGroup = 2027F0BE2B65859600E1B8C5;
			productRefGroup = 2027F0C82B65859600E1B8C5 /* Products */;
			projectDirPath = "";
			projectRoot = "";
			targets = (
				2027F0C62B65859600E1B8C5 /* Financy */,
			);
		};
/* End PBXProject section */

/* Begin PBXResourcesBuildPhase section */
		2027F0C52B65859600E1B8C5 /* Resources */ = {
			isa = PBXResourcesBuildPhase;
			buildActionMask = 2147483647;
			files = (
				2027F0D22B65859700E1B8C5 /* Preview Assets.xcassets in Resources */,
				2027F0CF2B65859700E1B8C5 /* Assets.xcassets in Resources */,
			);
			runOnlyForDeploymentPostprocessing = 0;
		};
/* End PBXResourcesBuildPhase section */

/* Begin PBXSourcesBuildPhase section */
		2027F0C32B65859600E1B8C5 /* Sources */ = {
			isa = PBXSourcesBuildPhase;
			buildActionMask = 2147483647;
			files = (
				20A77CEC2B669A0C008CFC34 /* Article.swift in Sources */,
				20A77CF02B66A057008CFC34 /* EmergencyFunds.swift in Sources */,
				20A77CEE2B669E11008CFC34 /* WebView.swift in Sources */,
				204FC8BA2B663D2C00155B84 /* FinancyNetworkLib.swift in Sources */,
				20A77CF22B66A05F008CFC34 /* Investments.swift in Sources */,
				2027F0CD2B65859700E1B8C5 /* ContentView.swift in Sources */,
				20A77CEA2B664F80008CFC34 /* Utility.swift in Sources */,
				2027F0CB2B65859700E1B8C5 /* FinancyApp.swift in Sources */,
				204FC8B62B663D1B00155B84 /* NewEntry.swift in Sources */,
				204FC8B82B663D2300155B84 /* Login.swift in Sources */,
			);
			runOnlyForDeploymentPostprocessing = 0;
		};
/* End PBXSourcesBuildPhase section */

/* Begin XCBuildConfiguration section */
		2027F0D32B65859700E1B8C5 /* Debug */ = {
			isa = XCBuildConfiguration;
			buildSettings = {
				ALWAYS_SEARCH_USER_PATHS = NO;
				ASSETCATALOG_COMPILER_GENERATE_SWIFT_ASSET_SYMBOL_EXTENSIONS = YES;
				CLANG_ANALYZER_NONNULL = YES;
				CLANG_ANALYZER_NUMBER_OBJECT_CONVERSION = YES_AGGRESSIVE;
				CLANG_CXX_LANGUAGE_STANDARD = "gnu++20";
				CLANG_ENABLE_MODULES = YES;
				CLANG_ENABLE_OBJC_ARC = YES;
				CLANG_ENABLE_OBJC_WEAK = YES;
				CLANG_WARN_BLOCK_CAPTURE_AUTORELEASING = YES;
				CLANG_WARN_BOOL_CONVERSION = YES;
				CLANG_WARN_COMMA = YES;
				CLANG_WARN_CONSTANT_CONVERSION = YES;
				CLANG_WARN_DEPRECATED_OBJC_IMPLEMENTATIONS = YES;
				CLANG_WARN_DIRECT_OBJC_ISA_USAGE = YES_ERROR;
				CLANG_WARN_DOCUMENTATION_COMMENTS = YES;
				CLANG_WARN_EMPTY_BODY = YES;
				CLANG_WARN_ENUM_CONVERSION = YES;
				CLANG_WARN_INFINITE_RECURSION = YES;
				CLANG_WARN_INT_CONVERSION = YES;
				CLANG_WARN_NON_LITERAL_NULL_CONVERSION = YES;
				CLANG_WARN_OBJC_IMPLICIT_RETAIN_SELF = YES;
				CLANG_WARN_OBJC_LITERAL_CONVERSION = YES;
				CLANG_WARN_OBJC_ROOT_CLASS = YES_ERROR;
				CLANG_WARN_QUOTED_INCLUDE_IN_FRAMEWORK_HEADER = YES;
				CLANG_WARN_RANGE_LOOP_ANALYSIS = YES;
				CLANG_WARN_STRICT_PROTOTYPES = YES;
				CLANG_WARN_SUSPICIOUS_MOVE = YES;
				CLANG_WARN_UNGUARDED_AVAILABILITY = YES_AGGRESSIVE;
				CLANG_WARN_UNREACHABLE_CODE = YES;
				CLANG_WARN__DUPLICATE_METHOD_MATCH = YES;
				COPY_PHASE_STRIP = NO;
				DEBUG_INFORMATION_FORMAT = dwarf;
				ENABLE_STRICT_OBJC_MSGSEND = YES;
				ENABLE_TESTABILITY = YES;
				ENABLE_USER_SCRIPT_SANDBOXING = YES;
				GCC_C_LANGUAGE_STANDARD = gnu17;
				GCC_DYNAMIC_NO_PIC = NO;
				GCC_NO_COMMON_BLOCKS = YES;
				GCC_OPTIMIZATION_LEVEL = 0;
				GCC_PREPROCESSOR_DEFINITIONS = (
					"DEBUG=1",
					"$(inherited)",
				);
				GCC_WARN_64_TO_32_BIT_CONVERSION = YES;
				GCC_WARN_ABOUT_RETURN_TYPE = YES_ERROR;
				GCC_WARN_UNDECLARED_SELECTOR = YES;
				GCC_WARN_UNINITIALIZED_AUTOS = YES_AGGRESSIVE;
				GCC_WARN_UNUSED_FUNCTION = YES;
				GCC_WARN_UNUSED_VARIABLE = YES;
				IPHONEOS_DEPLOYMENT_TARGET = 17.0;
				LOCALIZATION_PREFERS_STRING_CATALOGS = YES;
				MTL_ENABLE_DEBUG_INFO = INCLUDE_SOURCE;
				MTL_FAST_MATH = YES;
				ONLY_ACTIVE_ARCH = YES;
				SDKROOT = iphoneos;
				SWIFT_ACTIVE_COMPILATION_CONDITIONS = "DEBUG $(inherited)";
				SWIFT_OPTIMIZATION_LEVEL = "-Onone";
			};
			name = Debug;
		};
		2027F0D42B65859700E1B8C5 /* Release */ = {
			isa = XCBuildConfiguration;
			buildSettings = {
				ALWAYS_SEARCH_USER_PATHS = NO;
				ASSETCATALOG_COMPILER_GENERATE_SWIFT_ASSET_SYMBOL_EXTENSIONS = YES;
				CLANG_ANALYZER_NONNULL = YES;
				CLANG_ANALYZER_NUMBER_OBJECT_CONVERSION = YES_AGGRESSIVE;
				CLANG_CXX_LANGUAGE_STANDARD = "gnu++20";
				CLANG_ENABLE_MODULES = YES;
				CLANG_ENABLE_OBJC_ARC = YES;
				CLANG_ENABLE_OBJC_WEAK = YES;
				CLANG_WARN_BLOCK_CAPTURE_AUTORELEASING = YES;
				CLANG_WARN_BOOL_CONVERSION = YES;
				CLANG_WARN_COMMA = YES;
				CLANG_WARN_CONSTANT_CONVERSION = YES;
				CLANG_WARN_DEPRECATED_OBJC_IMPLEMENTATIONS = YES;
				CLANG_WARN_DIRECT_OBJC_ISA_USAGE = YES_ERROR;
				CLANG_WARN_DOCUMENTATION_COMMENTS = YES;
				CLANG_WARN_EMPTY_BODY = YES;
				CLANG_WARN_ENUM_CONVERSION = YES;
				CLANG_WARN_INFINITE_RECURSION = YES;
				CLANG_WARN_INT_CONVERSION = YES;
				CLANG_WARN_NON_LITERAL_NULL_CONVERSION = YES;
				CLANG_WARN_OBJC_IMPLICIT_RETAIN_SELF = YES;
				CLANG_WARN_OBJC_LITERAL_CONVERSION = YES;
				CLANG_WARN_OBJC_ROOT_CLASS = YES_ERROR;
				CLANG_WARN_QUOTED_INCLUDE_IN_FRAMEWORK_HEADER = YES;
				CLANG_WARN_RANGE_LOOP_ANALYSIS = YES;
				CLANG_WARN_STRICT_PROTOTYPES = YES;
				CLANG_WARN_SUSPICIOUS_MOVE = YES;
				CLANG_WARN_UNGUARDED_AVAILABILITY = YES_AGGRESSIVE;
				CLANG_WARN_UNREACHABLE_CODE = YES;
				CLANG_WARN__DUPLICATE_METHOD_MATCH = YES;
				COPY_PHASE_STRIP = NO;
				DEBUG_INFORMATION_FORMAT = "dwarf-with-dsym";
				ENABLE_NS_ASSERTIONS = NO;
				ENABLE_STRICT_OBJC_MSGSEND = YES;
				ENABLE_USER_SCRIPT_SANDBOXING = YES;
				GCC_C_LANGUAGE_STANDARD = gnu17;
				GCC_NO_COMMON_BLOCKS = YES;
				GCC_WARN_64_TO_32_BIT_CONVERSION = YES;
				GCC_WARN_ABOUT_RETURN_TYPE = YES_ERROR;
				GCC_WARN_UNDECLARED_SELECTOR = YES;
				GCC_WARN_UNINITIALIZED_AUTOS = YES_AGGRESSIVE;
				GCC_WARN_UNUSED_FUNCTION = YES;
				GCC_WARN_UNUSED_VARIABLE = YES;
				IPHONEOS_DEPLOYMENT_TARGET = 17.0;
				LOCALIZATION_PREFERS_STRING_CATALOGS = YES;
				MTL_ENABLE_DEBUG_INFO = NO;
				MTL_FAST_MATH = YES;
				SDKROOT = iphoneos;
				SWIFT_COMPILATION_MODE = wholemodule;
				VALIDATE_PRODUCT = YES;
			};
			name = Release;
		};
		2027F0D62B65859700E1B8C5 /* Debug */ = {
			isa = XCBuildConfiguration;
			buildSettings = {
				ASSETCATALOG_COMPILER_APPICON_NAME = AppIcon;
				ASSETCATALOG_COMPILER_GLOBAL_ACCENT_COLOR_NAME = AccentColor;
				CODE_SIGN_STYLE = Automatic;
				CURRENT_PROJECT_VERSION = 1;
				DEVELOPMENT_ASSET_PATHS = "\"Financy/Preview Content\"";
				DEVELOPMENT_TEAM = 4FT38P4D49;
				ENABLE_PREVIEWS = YES;
				GENERATE_INFOPLIST_FILE = YES;
				INFOPLIST_KEY_UIApplicationSceneManifest_Generation = YES;
				INFOPLIST_KEY_UIApplicationSupportsIndirectInputEvents = YES;
				INFOPLIST_KEY_UILaunchScreen_Generation = YES;
				INFOPLIST_KEY_UISupportedInterfaceOrientations_iPad = "UIInterfaceOrientationPortrait UIInterfaceOrientationPortraitUpsideDown UIInterfaceOrientationLandscapeLeft UIInterfaceOrientationLandscapeRight";
				INFOPLIST_KEY_UISupportedInterfaceOrientations_iPhone = "UIInterfaceOrientationPortrait UIInterfaceOrientationLandscapeLeft UIInterfaceOrientationLandscapeRight";
				LD_RUNPATH_SEARCH_PATHS = (
					"$(inherited)",
					"@executable_path/Frameworks",
				);
				MARKETING_VERSION = 1.0;
				PRODUCT_BUNDLE_IDENTIFIER = TAMUhack.Financy;
				PRODUCT_NAME = "$(TARGET_NAME)";
				SWIFT_EMIT_LOC_STRINGS = YES;
				SWIFT_VERSION = 5.0;
				TARGETED_DEVICE_FAMILY = "1,2";
			};
			name = Debug;
		};
		2027F0D72B65859700E1B8C5 /* Release */ = {
			isa = XCBuildConfiguration;
			buildSettings = {
				ASSETCATALOG_COMPILER_APPICON_NAME = AppIcon;
				ASSETCATALOG_COMPILER_GLOBAL_ACCENT_COLOR_NAME = AccentColor;
				CODE_SIGN_STYLE = Automatic;
				CURRENT_PROJECT_VERSION = 1;
				DEVELOPMENT_ASSET_PATHS = "\"Financy/Preview Content\"";
				DEVELOPMENT_TEAM = 4FT38P4D49;
				ENABLE_PREVIEWS = YES;
				GENERATE_INFOPLIST_FILE = YES;
				INFOPLIST_KEY_UIApplicationSceneManifest_Generation = YES;
				INFOPLIST_KEY_UIApplicationSupportsIndirectInputEvents = YES;
				INFOPLIST_KEY_UILaunchScreen_Generation = YES;
				INFOPLIST_KEY_UISupportedInterfaceOrientations_iPad = "UIInterfaceOrientationPortrait UIInterfaceOrientationPortraitUpsideDown UIInterfaceOrientationLandscapeLeft UIInterfaceOrientationLandscapeRight";
				INFOPLIST_KEY_UISupportedInterfaceOrientations_iPhone = "UIInterfaceOrientationPortrait UIInterfaceOrientationLandscapeLeft UIInterfaceOrientationLandscapeRight";
				LD_RUNPATH_SEARCH_PATHS = (
					"$(inherited)",
					"@executable_path/Frameworks",
				);
				MARKETING_VERSION = 1.0;
				PRODUCT_BUNDLE_IDENTIFIER = TAMUhack.Financy;
				PRODUCT_NAME = "$(TARGET_NAME)";
				SWIFT_EMIT_LOC_STRINGS = YES;
				SWIFT_VERSION = 5.0;
				TARGETED_DEVICE_FAMILY = "1,2";
			};
			name = Release;
		};
/* End XCBuildConfiguration section */

/* Begin XCConfigurationList section */
		2027F0C22B65859600E1B8C5 /* Build configuration list for PBXProject "Financy" */ = {
			isa = XCConfigurationList;
			buildConfigurations = (
				2027F0D32B65859700E1B8C5 /* Debug */,
				2027F0D42B65859700E1B8C5 /* Release */,
			);
			defaultConfigurationIsVisible = 0;
			defaultConfigurationName = Release;
		};
		2027F0D52B65859700E1B8C5 /* Build configuration list for PBXNativeTarget "Financy" */ = {
			isa = XCConfigurationList;
			buildConfigurations = (
				2027F0D62B65859700E1B8C5 /* Debug */,
				2027F0D72B65859700E1B8C5 /* Release */,
			);
			defaultConfigurationIsVisible = 0;
			defaultConfigurationName = Release;
		};
/* End XCConfigurationList section */
	};
	rootObject = 2027F0BF2B65859600E1B8C5 /* Project object */;
}
